
Microsoft Visual Studio Solution File, Format Version 12.00
# Visual Studio Version 16
VisualStudioVersion = 16.0.30907.101
MinimumVisualStudioVersion = 10.0.40219.1
Project("{FAE04EC0-301F-11D3-BF4B-00C04F79EFBC}") = "BeatView", "BeatView\BeatView.csproj", "{3071ED79-FC32-4678-89BD-F216B2503750}"
EndProject
Project("{FAE04EC0-301F-11D3-BF4B-00C04F79EFBC}") = "BeatFile", "BeatFile\BeatFile.csproj", "{03774A14-5E81-48C6-B98B-9F79667C134E}"
EndProject
Project("{FAE04EC0-301F-11D3-BF4B-00C04F79EFBC}") = "BeatEdit", "BeatEdit\BeatEdit.csproj", "{C8771A7F-EEB7-40E4-B0A3-9AAAFBD92CED}"
EndProject
Global
	GlobalSection(SolutionConfigurationPlatforms) = preSolution
		Debug|Any CPU = Debug|Any CPU
		Release|Any CPU = Release|Any CPU
	EndGlobalSection
	GlobalSection(ProjectConfigurationPlatforms) = postSolution
		{3071ED79-FC32-4678-89BD-F216B2503750}.Debug|Any CPU.ActiveCfg = Debug|Any CPU
		{3071ED79-FC32-4678-89BD-F216B2503750}.Debug|Any CPU.Build.0 = Debug|Any CPU
		{3071ED79-FC32-4678-89BD-F216B2503750}.Release|Any CPU.ActiveCfg = Release|Any CPU
		{3071ED79-FC32-4678-89BD-F216B2503750}.Release|Any CPU.Build.0 = Release|Any CPU
		{03774A14-5E81-48C6-B98B-9F79667C134E}.Debug|Any CPU.ActiveCfg = Debug|Any CPU
		{03774A14-5E81-48C6-B98B-9F79667C134E}.Debug|Any CPU.Build.0 = Debug|Any CPU
		{03774A14-5E81-48C6-B98B-9F79667C134E}.Release|Any CPU.ActiveCfg = Release|Any CPU
		{03774A14-5E81-48C6-B98B-9F79667C134E}.Release|Any CPU.Build.0 = Release|Any CPU
		{C8771A7F-EEB7-40E4-B0A3-9AAAFBD92CED}.Debug|Any CPU.ActiveCfg = Debug|Any CPU
		{C8771A7F-EEB7-40E4-B0A3-9AAAFBD92CED}.Debug|Any CPU.Build.0 = Debug|Any CPU
		{C8771A7F-EEB7-40E4-B0A3-9AAAFBD92CED}.Release|Any CPU.ActiveCfg = Release|Any CPU
		{C8771A7F-EEB7-40E4-B0A3-9AAAFBD92CED}.Release|Any CPU.Build.0 = Release|Any CPU
	EndGlobalSection
	GlobalSection(SolutionProperties) = preSolution
		HideSolutionNode = FALSE
	EndGlobalSection
	GlobalSection(ExtensibilityGlobals) = postSolution
		SolutionGuid = {6E973DEE-4A3E-426A-BE4A-B89F984A0546}
	EndGlobalSection
EndGlobal
